
Microsoft Visual Studio Solution File, Format Version 12.00
# Visual Studio 15
VisualStudioVersion = 15.0.28010.2046
MinimumVisualStudioVersion = 10.0.40219.1
Project("{FAE04EC0-301F-11D3-BF4B-00C04F79EFBC}") = "Test_7", "Test_7\Test_7.csproj", "{C360A577-F8E3-4869-AB80-826BE2ABC6C5}"
EndProject
Global
	GlobalSection(SolutionConfigurationPlatforms) = preSolution
		Debug|Any CPU = Debug|Any CPU
		Release|Any CPU = Release|Any CPU
	EndGlobalSection
	GlobalSection(ProjectConfigurationPlatforms) = postSolution
		{C360A577-F8E3-4869-AB80-826BE2ABC6C5}.Debug|Any CPU.ActiveCfg = Debug|Any CPU
		{C360A577-F8E3-4869-AB80-826BE2ABC6C5}.Debug|Any CPU.Build.0 = Debug|Any CPU
		{C360A577-F8E3-4869-AB80-826BE2ABC6C5}.Release|Any CPU.ActiveCfg = Release|Any CPU
		{C360A577-F8E3-4869-AB80-826BE2ABC6C5}.Release|Any CPU.Build.0 = Release|Any CPU
	EndGlobalSection
	GlobalSection(SolutionProperties) = preSolution
		HideSolutionNode = FALSE
	EndGlobalSection
	GlobalSection(ExtensibilityGlobals) = postSolution
		SolutionGuid = {72CF39EB-8246-48C5-98B9-46A5CDF6F9B3}
	EndGlobalSection
EndGlobal
